Microsoft Visual Studio Solution File, Format Version 12.00
# Visual Studio Version 17
VisualStudioVersion = 17.5.2.0
MinimumVisualStudioVersion = 10.0.40219.1
Project("{FAE04EC0-301F-11D3-BF4B-00C04F79EFBC}") = "PlantProject", "PlantProject.csproj", "{930327AB-5594-AFBA-9113-E63E22191F04}"
EndProject
Global
	GlobalSection(SolutionConfigurationPlatforms) = preSolution
		Debug|Any CPU = Debug|Any CPU
		Release|Any CPU = Release|Any CPU
	EndGlobalSection
	GlobalSection(ProjectConfigurationPlatforms) = postSolution
		{930327AB-5594-AFBA-9113-E63E22191F04}.Debug|Any CPU.ActiveCfg = Debug|Any CPU
		{930327AB-5594-AFBA-9113-E63E22191F04}.Debug|Any CPU.Build.0 = Debug|Any CPU
		{930327AB-5594-AFBA-9113-E63E22191F04}.Release|Any CPU.ActiveCfg = Release|Any CPU
		{930327AB-5594-AFBA-9113-E63E22191F04}.Release|Any CPU.Build.0 = Release|Any CPU
	EndGlobalSection
	GlobalSection(SolutionProperties) = preSolution
		HideSolutionNode = FALSE
	EndGlobalSection
	GlobalSection(ExtensibilityGlobals) = postSolution
		SolutionGuid = {E7BE06E6-0F6E-4B60-AD1E-2E338DA62657}
	EndGlobalSection
EndGlobal
